// !$*UTF8*$!
{
	archiveVersion = 1;
	classes = {
	};
	objectVersion = 46;
	objects = {

/* Begin PBXBuildFile section */
		8447D7641A7B49D700A94785 /* AppDelegate.swift in Sources */ = {isa = PBXBuildFile; fileRef = 8447D7631A7B49D700A94785 /* AppDelegate.swift */; };
		8447D7661A7B49D700A94785 /* ViewController.swift in Sources */ = {isa = PBXBuildFile; fileRef = 8447D7651A7B49D700A94785 /* ViewController.swift */; };
		8447D7691A7B49D700A94785 /* Main.storyboard in Resources */ = {isa = PBXBuildFile; fileRef = 8447D7671A7B49D700A94785 /* Main.storyboard */; };
		8447D76B1A7B49D700A94785 /* Images.xcassets in Resources */ = {isa = PBXBuildFile; fileRef = 8447D76A1A7B49D700A94785 /* Images.xcassets */; };
		8447D76E1A7B49D700A94785 /* LaunchScreen.xib in Resources */ = {isa = PBXBuildFile; fileRef = 8447D76C1A7B49D700A94785 /* LaunchScreen.xib */; };
		8447D77A1A7B49D700A94785 /* Google_NowTests.swift in Sources */ = {isa = PBXBuildFile; fileRef = 8447D7791A7B49D700A94785 /* Google_NowTests.swift */; };
/* End PBXBuildFile section */

/* Begin PBXContainerItemProxy section */
		8447D7741A7B49D700A94785 /* PBXContainerItemProxy */ = {
			isa = PBXContainerItemProxy;
			containerPortal = 8447D7561A7B49D600A94785 /* Project object */;
			proxyType = 1;
			remoteGlobalIDString = 8447D75D1A7B49D600A94785;
			remoteInfo = "Google Now";
		};
/* End PBXContainerItemProxy section */

/* Begin PBXFileReference section */
		8447D75E1A7B49D700A94785 /* Google Now.app */ = {isa = PBXFileReference; explicitFileType = wrapper.application; includeInIndex = 0; path = "Google Now.app"; sourceTree = BUILT_PRODUCTS_DIR; };
		8447D7621A7B49D700A94785 /* Info.plist */ = {isa = PBXFileReference; lastKnownFileType = text.plist.xml; path = Info.plist; sourceTree = "<group>"; };
		8447D7631A7B49D700A94785 /* AppDelegate.swift */ = {isa = PBXFileReference; lastKnownFileType = sourcecode.swift; path = AppDelegate.swift; sourceTree = "<group>"; };
		8447D7651A7B49D700A94785 /* ViewController.swift */ = {isa = PBXFileReference; lastKnownFileType = sourcecode.swift; path = ViewController.swift; sourceTree = "<group>"; };
		8447D7681A7B49D700A94785 /* Base */ = {isa = PBXFileReference; lastKnownFileType = file.storyboard; name = Base; path = Base.lproj/Main.storyboard; sourceTree = "<group>"; };
		8447D76A1A7B49D700A94785 /* Images.xcassets */ = {isa = PBXFileReference; lastKnownFileType = folder.assetcatalog; path = Images.xcassets; sourceTree = "<group>"; };
		8447D76D1A7B49D700A94785 /* Base */ = {isa = PBXFileReference; lastKnownFileType = file.xib; name = Base; path = Base.lproj/LaunchScreen.xib; sourceTree = "<group>"; };
		8447D7731A7B49D700A94785 /* Google NowTests.xctest */ = {isa = PBXFileReference; explicitFileType = wrapper.cfbundle; includeInIndex = 0; path = "Google NowTests.xctest"; sourceTree = BUILT_PRODUCTS_DIR; };
		8447D7781A7B49D700A94785 /* Info.plist */ = {isa = PBXFileReference; lastKnownFileType = text.plist.xml; path = Info.plist; sourceTree = "<group>"; };
		8447D7791A7B49D700A94785 /* Google_NowTests.swift */ = {isa = PBXFileReference; lastKnownFileType = sourcecode.swift; path = Google_NowTests.swift; sourceTree = "<group>"; };
/* End PBXFileReference section */

/* Begin PBXFrameworksBuildPhase section */
		8447D75B1A7B49D600A94785 /* Frameworks */ = {
			isa = PBXFrameworksBuildPhase;
			buildActionMask = 2147483647;
			files = (
			);
			runOnlyForDeploymentPostprocessing = 0;
		};
		8447D7701A7B49D700A94785 /* Frameworks */ = {
			isa = PBXFrameworksBuildPhase;
			buildActionMask = 2147483647;
			files = (
			);
			runOnlyForDeploymentPostprocessing = 0;
		};
/* End PBXFrameworksBuildPhase section */

/* Begin PBXGroup section */
		8447D7551A7B49D600A94785 = {
			isa = PBXGroup;
			children = (
				8447D7601A7B49D700A94785 /* Google Now */,
				8447D7761A7B49D700A94785 /* Google NowTests */,
				8447D75F1A7B49D700A94785 /* Products */,
			);
			sourceTree = "<group>";
		};
		8447D75F1A7B49D700A94785 /* Products */ = {
			isa = PBXGroup;
			children = (
				8447D75E1A7B49D700A94785 /* Google Now.app */,
				8447D7731A7B49D700A94785 /* Google NowTests.xctest */,
			);
			name = Products;
			sourceTree = "<group>";
		};
		8447D7601A7B49D700A94785 /* Google Now */ = {
			isa = PBXGroup;
			children = (
				8447D7631A7B49D700A94785 /* AppDelegate.swift */,
				8447D7651A7B49D700A94785 /* ViewController.swift */,
				8447D7671A7B49D700A94785 /* Main.storyboard */,
				8447D76A1A7B49D700A94785 /* Images.xcassets */,
				8447D76C1A7B49D700A94785 /* LaunchScreen.xib */,
				8447D7611A7B49D700A94785 /* Supporting Files */,
			);
			path = "Google Now";
			sourceTree = "<group>";
		};
		8447D7611A7B49D700A94785 /* Supporting Files */ = {
			isa = PBXGroup;
			children = (
				8447D7621A7B49D700A94785 /* Info.plist */,
			);
			name = "Supporting Files";
			sourceTree = "<group>";
		};
		8447D7761A7B49D700A94785 /* Google NowTests */ = {
			isa = PBXGroup;
			children = (
				8447D7791A7B49D700A94785 /* Google_NowTests.swift */,
				8447D7771A7B49D700A94785 /* Supporting Files */,
			);
			path = "Google NowTests";
			sourceTree = "<group>";
		};
		8447D7771A7B49D700A94785 /* Supporting Files */ = {
			isa = PBXGroup;
			children = (
				8447D7781A7B49D700A94785 /* Info.plist */,
			);
			name = "Supporting Files";
			sourceTree = "<group>";
		};
/* End PBXGroup section */

/* Begin PBXNativeTarget section */
		8447D75D1A7B49D600A94785 /* Google Now */ = {
			isa = PBXNativeTarget;
			buildConfigurationList = 8447D77D1A7B49D700A94785 /* Build configuration list for PBXNativeTarget "Google Now" */;
			buildPhases = (
				8447D75A1A7B49D600A94785 /* Sources */,
				8447D75B1A7B49D600A94785 /* Frameworks */,
				8447D75C1A7B49D600A94785 /* Resources */,
			);
			buildRules = (
			);
			dependencies = (
			);
			name = "Google Now";
			productName = "Google Now";
			productReference = 8447D75E1A7B49D700A94785 /* Google Now.app */;
			productType = "com.apple.product-type.application";
		};
		8447D7721A7B49D700A94785 /* Google NowTests */ = {
			isa = PBXNativeTarget;
			buildConfigurationList = 8447D7801A7B49D700A94785 /* Build configuration list for PBXNativeTarget "Google NowTests" */;
			buildPhases = (
				8447D76F1A7B49D700A94785 /* Sources */,
				8447D7701A7B49D700A94785 /* Frameworks */,
				8447D7711A7B49D700A94785 /* Resources */,
			);
			buildRules = (
			);
			dependencies = (
				8447D7751A7B49D700A94785 /* PBXTargetDependency */,
			);
			name = "Google NowTests";
			productName = "Google NowTests";
			productReference = 8447D7731A7B49D700A94785 /* Google NowTests.xctest */;
			productType = "com.apple.product-type.bundle.unit-test";
		};
/* End PBXNativeTarget section */

/* Begin PBXProject section */
		8447D7561A7B49D600A94785 /* Project object */ = {
			isa = PBXProject;
			attributes = {
				LastUpgradeCheck = 0610;
				ORGANIZATIONNAME = "Seema Kamath";
				TargetAttributes = {
					8447D75D1A7B49D600A94785 = {
						CreatedOnToolsVersion = 6.1.1;
					};
					8447D7721A7B49D700A94785 = {
						CreatedOnToolsVersion = 6.1.1;
						TestTargetID = 8447D75D1A7B49D600A94785;
					};
				};
			};
			buildConfigurationList = 8447D7591A7B49D600A94785 /* Build configuration list for PBXProject "Google Now" */;
			compatibilityVersion = "Xcode 3.2";
			developmentRegion = English;
			hasScannedForEncodings = 0;
			knownRegions = (
				en,
				Base,
			);
			mainGroup = 8447D7551A7B49D600A94785;
			productRefGroup = 8447D75F1A7B49D700A94785 /* Products */;
			projectDirPath = "";
			projectRoot = "";
			targets = (
				8447D75D1A7B49D600A94785 /* Google Now */,
				8447D7721A7B49D700A94785 /* Google NowTests */,
			);
		};
/* End PBXProject section */

/* Begin PBXResourcesBuildPhase section */
		8447D75C1A7B49D600A94785 /* Resources */ = {
			isa = PBXResourcesBuildPhase;
			buildActionMask = 2147483647;
			files = (
				8447D7691A7B49D700A94785 /* Main.storyboard in Resources */,
				8447D76E1A7B49D700A94785 /* LaunchScreen.xib in Resources */,
				8447D76B1A7B49D700A94785 /* Images.xcassets in Resources */,
			);
			runOnlyForDeploymentPostprocessing = 0;
		};
		8447D7711A7B49D700A94785 /* Resources */ = {
			isa = PBXResourcesBuildPhase;
			buildActionMask = 2147483647;
			files = (
			);
			runOnlyForDeploymentPostprocessing = 0;
		};
/* End PBXResourcesBuildPhase section */

/* Begin PBXSourcesBuildPhase section */
		8447D75A1A7B49D600A94785 /* Sources */ = {
			isa = PBXSourcesBuildPhase;
			buildActionMask = 2147483647;
			files = (
				8447D7661A7B49D700A94785 /* ViewController.swift in Sources */,
				8447D7641A7B49D700A94785 /* AppDelegate.swift in Sources */,
			);
			runOnlyForDeploymentPostprocessing = 0;
		};
		8447D76F1A7B49D700A94785 /* Sources */ = {
			isa = PBXSourcesBuildPhase;
			buildActionMask = 2147483647;
			files = (
				8447D77A1A7B49D700A94785 /* Google_NowTests.swift in Sources */,
			);
			runOnlyForDeploymentPostprocessing = 0;
		};
/* End PBXSourcesBuildPhase section */

/* Begin PBXTargetDependency section */
		8447D7751A7B49D700A94785 /* PBXTargetDependency */ = {
			isa = PBXTargetDependency;
			target = 8447D75D1A7B49D600A94785 /* Google Now */;
			targetProxy = 8447D7741A7B49D700A94785 /* PBXContainerItemProxy */;
		};
/* End PBXTargetDependency section */

/* Begin PBXVariantGroup section */
		8447D7671A7B49D700A94785 /* Main.storyboard */ = {
			isa = PBXVariantGroup;
			children = (
				8447D7681A7B49D700A94785 /* Base */,
			);
			name = Main.storyboard;
			sourceTree = "<group>";
		};
		8447D76C1A7B49D700A94785 /* LaunchScreen.xib */ = {
			isa = PBXVariantGroup;
			children = (
				8447D76D1A7B49D700A94785 /* Base */,
			);
			name = LaunchScreen.xib;
			sourceTree = "<group>";
		};
/* End PBXVariantGroup section */

/* Begin XCBuildConfiguration section */
		8447D77B1A7B49D700A94785 /* Debug */ = {
			isa = XCBuildConfiguration;
			buildSettings = {
				ALWAYS_SEARCH_USER_PATHS = NO;
				CLANG_CXX_LANGUAGE_STANDARD = "gnu++0x";
				CLANG_CXX_LIBRARY = "libc++";
				CLANG_ENABLE_MODULES = YES;
				CLANG_ENABLE_OBJC_ARC = YES;
				CLANG_WARN_BOOL_CONVERSION = YES;
				CLANG_WARN_CONSTANT_CONVERSION = YES;
				CLANG_WARN_DIRECT_OBJC_ISA_USAGE = YES_ERROR;
				CLANG_WARN_EMPTY_BODY = YES;
				CLANG_WARN_ENUM_CONVERSION = YES;
				CLANG_WARN_INT_CONVERSION = YES;
				CLANG_WARN_OBJC_ROOT_CLASS = YES_ERROR;
				CLANG_WARN_UNREACHABLE_CODE = YES;
				CLANG_WARN__DUPLICATE_METHOD_MATCH = YES;
				"CODE_SIGN_IDENTITY[sdk=iphoneos*]" = "iPhone Developer";
				COPY_PHASE_STRIP = NO;
				ENABLE_STRICT_OBJC_MSGSEND = YES;
				GCC_C_LANGUAGE_STANDARD = gnu99;
				GCC_DYNAMIC_NO_PIC = NO;
				GCC_OPTIMIZATION_LEVEL = 0;
				GCC_PREPROCESSOR_DEFINITIONS = (
					"DEBUG=1",
					"$(inherited)",
				);
				GCC_SYMBOLS_PRIVATE_EXTERN = NO;
				GCC_WARN_64_TO_32_BIT_CONVERSION = YES;
				GCC_WARN_ABOUT_RETURN_TYPE = YES_ERROR;
				GCC_WARN_UNDECLARED_SELECTOR = YES;
				GCC_WARN_UNINITIALIZED_AUTOS = YES_AGGRESSIVE;
				GCC_WARN_UNUSED_FUNCTION = YES;
				GCC_WARN_UNUSED_VARIABLE = YES;
				IPHONEOS_DEPLOYMENT_TARGET = 8.1;
				MTL_ENABLE_DEBUG_INFO = YES;
				ONLY_ACTIVE_ARCH = YES;
				SDKROOT = iphoneos;
				SWIFT_OPTIMIZATION_LEVEL = "-Onone";
			};
			name = Debug;
		};
		8447D77C1A7B49D700A94785 /* Release */ = {
			isa = XCBuildConfiguration;
			buildSettings = {
				ALWAYS_SEARCH_USER_PATHS = NO;
				CLANG_CXX_LANGUAGE_STANDARD = "gnu++0x";
				CLANG_CXX_LIBRARY = "libc++";
				CLANG_ENABLE_MODULES = YES;
				CLANG_ENABLE_OBJC_ARC = YES;
				CLANG_WARN_BOOL_CONVERSION = YES;
				CLANG_WARN_CONSTANT_CONVERSION = YES;
				CLANG_WARN_DIRECT_OBJC_ISA_USAGE = YES_ERROR;
				CLANG_WARN_EMPTY_BODY = YES;
				CLANG_WARN_ENUM_CONVERSION = YES;
				CLANG_WARN_INT_CONVERSION = YES;
				CLANG_WARN_OBJC_ROOT_CLASS = YES_ERROR;
				CLANG_WARN_UNREACHABLE_CODE = YES;
				CLANG_WARN__DUPLICATE_METHOD_MATCH = YES;
				"CODE_SIGN_IDENTITY[sdk=iphoneos*]" = "iPhone Developer";
				COPY_PHASE_STRIP = YES;
				ENABLE_NS_ASSERTIONS = NO;
				ENABLE_STRICT_OBJC_MSGSEND = YES;
				GCC_C_LANGUAGE_STANDARD = gnu99;
				GCC_WARN_64_TO_32_BIT_CONVERSION = YES;
				GCC_WARN_ABOUT_RETURN_TYPE = YES_ERROR;
				GCC_WARN_UNDECLARED_SELECTOR = YES;
				GCC_WARN_UNINITIALIZED_AUTOS = YES_AGGRESSIVE;
				GCC_WARN_UNUSED_FUNCTION = YES;
				GCC_WARN_UNUSED_VARIABLE = YES;
				IPHONEOS_DEPLOYMENT_TARGET = 8.1;
				MTL_ENABLE_DEBUG_INFO = NO;
				SDKROOT = iphoneos;
				VALIDATE_PRODUCT = YES;
			};
			name = Release;
		};
		8447D77E1A7B49D700A94785 /* Debug */ = {
			isa = XCBuildConfiguration;
			buildSettings = {
				ASSETCATALOG_COMPILER_APPICON_NAME = AppIcon;
				INFOPLIST_FILE = "Google Now/Info.plist";
				LD_RUNPATH_SEARCH_PATHS = "$(inherited) @executable_path/Frameworks";
				PRODUCT_NAME = "$(TARGET_NAME)";
			};
			name = Debug;
		};
		8447D77F1A7B49D700A94785 /* Release */ = {
			isa = XCBuildConfiguration;
			buildSettings = {
				ASSETCATALOG_COMPILER_APPICON_NAME = AppIcon;
				INFOPLIST_FILE = "Google Now/Info.plist";
				LD_RUNPATH_SEARCH_PATHS = "$(inherited) @executable_path/Frameworks";
				PRODUCT_NAME = "$(TARGET_NAME)";
			};
			name = Release;
		};
		8447D7811A7B49D700A94785 /* Debug */ = {
			isa = XCBuildConfiguration;
			buildSettings = {
				BUNDLE_LOADER = "$(TEST_HOST)";
				FRAMEWORK_SEARCH_PATHS = (
					"$(SDKROOT)/Developer/Library/Frameworks",
					"$(inherited)",
				);
				GCC_PREPROCESSOR_DEFINITIONS = (
					"DEBUG=1",
					"$(inherited)",
				);
				INFOPLIST_FILE = "Google NowTests/Info.plist";
				LD_RUNPATH_SEARCH_PATHS = "$(inherited) @executable_path/Frameworks @loader_path/Frameworks";
				PRODUCT_NAME = "$(TARGET_NAME)";
				TEST_HOST = "$(BUILT_PRODUCTS_DIR)/Google Now.app/Google Now";
			};
			name = Debug;
		};
		8447D7821A7B49D700A94785 /* Release */ = {
			isa = XCBuildConfiguration;
			buildSettings = {
				BUNDLE_LOADER = "$(TEST_HOST)";
				FRAMEWORK_SEARCH_PATHS = (
					"$(SDKROOT)/Developer/Library/Frameworks",
					"$(inherited)",
				);
				INFOPLIST_FILE = "Google NowTests/Info.plist";
				LD_RUNPATH_SEARCH_PATHS = "$(inherited) @executable_path/Frameworks @loader_path/Frameworks";
				PRODUCT_NAME = "$(TARGET_NAME)";
				TEST_HOST = "$(BUILT_PRODUCTS_DIR)/Google Now.app/Google Now";
			};
			name = Release;
		};
/* End XCBuildConfiguration section */

/* Begin XCConfigurationList section */
		8447D7591A7B49D600A94785 /* Build configuration list for PBXProject "Google Now" */ = {
			isa = XCConfigurationList;
			buildConfigurations = (
				8447D77B1A7B49D700A94785 /* Debug */,
				8447D77C1A7B49D700A94785 /* Release */,
			);
			defaultConfigurationIsVisible = 0;
			defaultConfigurationName = Release;
		};
		8447D77D1A7B49D700A94785 /* Build configuration list for PBXNativeTarget "Google Now" */ = {
			isa = XCConfigurationList;
			buildConfigurations = (
				8447D77E1A7B49D700A94785 /* Debug */,
				8447D77F1A7B49D700A94785 /* Release */,
			);
			defaultConfigurationIsVisible = 0;
		};
		8447D7801A7B49D700A94785 /* Build configuration list for PBXNativeTarget "Google NowTests" */ = {
			isa = XCConfigurationList;
			buildConfigurations = (
				8447D7811A7B49D700A94785 /* Debug */,
				8447D7821A7B49D700A94785 /* Release */,
			);
			defaultConfigurationIsVisible = 0;
		};
/* End XCConfigurationList section */
	};
	rootObject = 8447D7561A7B49D600A94785 /* Project object */;
}
